// !$*UTF8*$!
{
	archiveVersion = 1;
	classes = {
	};
	objectVersion = 50;
	objects = {

/* Begin PBXBuildFile section */
		8D86E01C2460A8930017BE46 /* AppDelegate.swift in Sources */ = {isa = PBXBuildFile; fileRef = 8D86E01B2460A8930017BE46 /* AppDelegate.swift */; };
		8D86E01E2460A8930017BE46 /* SceneDelegate.swift in Sources */ = {isa = PBXBuildFile; fileRef = 8D86E01D2460A8930017BE46 /* SceneDelegate.swift */; };
		8D86E0232460A8930017BE46 /* Main.storyboard in Resources */ = {isa = PBXBuildFile; fileRef = 8D86E0212460A8930017BE46 /* Main.storyboard */; };
		8D86E0252460A8940017BE46 /* Assets.xcassets in Resources */ = {isa = PBXBuildFile; fileRef = 8D86E0242460A8940017BE46 /* Assets.xcassets */; };
		8D86E0282460A8940017BE46 /* LaunchScreen.storyboard in Resources */ = {isa = PBXBuildFile; fileRef = 8D86E0262460A8940017BE46 /* LaunchScreen.storyboard */; };
		8D86E0302460B0DA0017BE46 /* FlickrPhotosViewController.swift in Sources */ = {isa = PBXBuildFile; fileRef = 8D86E02F2460B0DA0017BE46 /* FlickrPhotosViewController.swift */; };
		8D86E0322460BCB70017BE46 /* Flickr.swift in Sources */ = {isa = PBXBuildFile; fileRef = 8D86E0312460BCB70017BE46 /* Flickr.swift */; };
		8D86E034246138000017BE46 /* FlickrPhoto.swift in Sources */ = {isa = PBXBuildFile; fileRef = 8D86E033246138000017BE46 /* FlickrPhoto.swift */; };
		8D86E036246138220017BE46 /* FlickrSearchResults.swift in Sources */ = {isa = PBXBuildFile; fileRef = 8D86E035246138220017BE46 /* FlickrSearchResults.swift */; };
		8D86E038246138560017BE46 /* Result.swift in Sources */ = {isa = PBXBuildFile; fileRef = 8D86E037246138560017BE46 /* Result.swift */; };
		8D86E03A246143320017BE46 /* FlickrPhotoCell.swift in Sources */ = {isa = PBXBuildFile; fileRef = 8D86E039246143320017BE46 /* FlickrPhotoCell.swift */; };
/* End PBXBuildFile section */

/* Begin PBXFileReference section */
		8D86E0182460A8930017BE46 /* FlickrSearch.app */ = {isa = PBXFileReference; explicitFileType = wrapper.application; includeInIndex = 0; path = FlickrSearch.app; sourceTree = BUILT_PRODUCTS_DIR; };
		8D86E01B2460A8930017BE46 /* AppDelegate.swift */ = {isa = PBXFileReference; lastKnownFileType = sourcecode.swift; path = AppDelegate.swift; sourceTree = "<group>"; };
		8D86E01D2460A8930017BE46 /* SceneDelegate.swift */ = {isa = PBXFileReference; lastKnownFileType = sourcecode.swift; path = SceneDelegate.swift; sourceTree = "<group>"; };
		8D86E0222460A8930017BE46 /* Base */ = {isa = PBXFileReference; lastKnownFileType = file.storyboard; name = Base; path = Base.lproj/Main.storyboard; sourceTree = "<group>"; };
		8D86E0242460A8940017BE46 /* Assets.xcassets */ = {isa = PBXFileReference; lastKnownFileType = folder.assetcatalog; path = Assets.xcassets; sourceTree = "<group>"; };
		8D86E0272460A8940017BE46 /* Base */ = {isa = PBXFileReference; lastKnownFileType = file.storyboard; name = Base; path = Base.lproj/LaunchScreen.storyboard; sourceTree = "<group>"; };
		8D86E0292460A8940017BE46 /* Info.plist */ = {isa = PBXFileReference; lastKnownFileType = text.plist.xml; path = Info.plist; sourceTree = "<group>"; };
		8D86E02F2460B0DA0017BE46 /* FlickrPhotosViewController.swift */ = {isa = PBXFileReference; lastKnownFileType = sourcecode.swift; path = FlickrPhotosViewController.swift; sourceTree = "<group>"; };
		8D86E0312460BCB70017BE46 /* Flickr.swift */ = {isa = PBXFileReference; lastKnownFileType = sourcecode.swift; path = Flickr.swift; sourceTree = "<group>"; };
		8D86E033246138000017BE46 /* FlickrPhoto.swift */ = {isa = PBXFileReference; lastKnownFileType = sourcecode.swift; path = FlickrPhoto.swift; sourceTree = "<group>"; };
		8D86E035246138220017BE46 /* FlickrSearchResults.swift */ = {isa = PBXFileReference; lastKnownFileType = sourcecode.swift; path = FlickrSearchResults.swift; sourceTree = "<group>"; };
		8D86E037246138560017BE46 /* Result.swift */ = {isa = PBXFileReference; lastKnownFileType = sourcecode.swift; path = Result.swift; sourceTree = "<group>"; };
		8D86E039246143320017BE46 /* FlickrPhotoCell.swift */ = {isa = PBXFileReference; lastKnownFileType = sourcecode.swift; path = FlickrPhotoCell.swift; sourceTree = "<group>"; };
/* End PBXFileReference section */

/* Begin PBXFrameworksBuildPhase section */
		8D86E0152460A8930017BE46 /* Frameworks */ = {
			isa = PBXFrameworksBuildPhase;
			buildActionMask = 2147483647;
			files = (
			);
			runOnlyForDeploymentPostprocessing = 0;
		};
/* End PBXFrameworksBuildPhase section */

/* Begin PBXGroup section */
		8D86E00F2460A8930017BE46 = {
			isa = PBXGroup;
			children = (
				8D86E01A2460A8930017BE46 /* FlickrSearch */,
				8D86E0192460A8930017BE46 /* Products */,
			);
			sourceTree = "<group>";
		};
		8D86E0192460A8930017BE46 /* Products */ = {
			isa = PBXGroup;
			children = (
				8D86E0182460A8930017BE46 /* FlickrSearch.app */,
			);
			name = Products;
			sourceTree = "<group>";
		};
		8D86E01A2460A8930017BE46 /* FlickrSearch */ = {
			isa = PBXGroup;
			children = (
				8D86E01B2460A8930017BE46 /* AppDelegate.swift */,
				8D86E01D2460A8930017BE46 /* SceneDelegate.swift */,
				8D86E02F2460B0DA0017BE46 /* FlickrPhotosViewController.swift */,
				8D86E039246143320017BE46 /* FlickrPhotoCell.swift */,
				8D86E0312460BCB70017BE46 /* Flickr.swift */,
				8D86E033246138000017BE46 /* FlickrPhoto.swift */,
				8D86E035246138220017BE46 /* FlickrSearchResults.swift */,
				8D86E037246138560017BE46 /* Result.swift */,
				8D86E0212460A8930017BE46 /* Main.storyboard */,
				8D86E0242460A8940017BE46 /* Assets.xcassets */,
				8D86E0262460A8940017BE46 /* LaunchScreen.storyboard */,
				8D86E0292460A8940017BE46 /* Info.plist */,
			);
			path = FlickrSearch;
			sourceTree = "<group>";
		};
/* End PBXGroup section */

/* Begin PBXNativeTarget section */
		8D86E0172460A8930017BE46 /* FlickrSearch */ = {
			isa = PBXNativeTarget;
			buildConfigurationList = 8D86E02C2460A8940017BE46 /* Build configuration list for PBXNativeTarget "FlickrSearch" */;
			buildPhases = (
				8D86E0142460A8930017BE46 /* Sources */,
				8D86E0152460A8930017BE46 /* Frameworks */,
				8D86E0162460A8930017BE46 /* Resources */,
			);
			buildRules = (
			);
			dependencies = (
			);
			name = FlickrSearch;
			productName = FlickrSearch;
			productReference = 8D86E0182460A8930017BE46 /* FlickrSearch.app */;
			productType = "com.apple.product-type.application";
		};
/* End PBXNativeTarget section */

/* Begin PBXProject section */
		8D86E0102460A8930017BE46 /* Project object */ = {
			isa = PBXProject;
			attributes = {
				LastSwiftUpdateCheck = 1140;
				LastUpgradeCheck = 1140;
				ORGANIZATIONNAME = "Dennis Nesanoff";
				TargetAttributes = {
					8D86E0172460A8930017BE46 = {
						CreatedOnToolsVersion = 11.4.1;
					};
				};
			};
			buildConfigurationList = 8D86E0132460A8930017BE46 /* Build configuration list for PBXProject "FlickrSearch" */;
			compatibilityVersion = "Xcode 9.3";
			developmentRegion = en;
			hasScannedForEncodings = 0;
			knownRegions = (
				en,
				Base,
			);
			mainGroup = 8D86E00F2460A8930017BE46;
			productRefGroup = 8D86E0192460A8930017BE46 /* Products */;
			projectDirPath = "";
			projectRoot = "";
			targets = (
				8D86E0172460A8930017BE46 /* FlickrSearch */,
			);
		};
/* End PBXProject section */

/* Begin PBXResourcesBuildPhase section */
		8D86E0162460A8930017BE46 /* Resources */ = {
			isa = PBXResourcesBuildPhase;
			buildActionMask = 2147483647;
			files = (
				8D86E0282460A8940017BE46 /* LaunchScreen.storyboard in Resources */,
				8D86E0252460A8940017BE46 /* Assets.xcassets in Resources */,
				8D86E0232460A8930017BE46 /* Main.storyboard in Resources */,
			);
			runOnlyForDeploymentPostprocessing = 0;
		};
/* End PBXResourcesBuildPhase section */

/* Begin PBXSourcesBuildPhase section */
		8D86E0142460A8930017BE46 /* Sources */ = {
			isa = PBXSourcesBuildPhase;
			buildActionMask = 2147483647;
			files = (
				8D86E0302460B0DA0017BE46 /* FlickrPhotosViewController.swift in Sources */,
				8D86E036246138220017BE46 /* FlickrSearchResults.swift in Sources */,
				8D86E01C2460A8930017BE46 /* AppDelegate.swift in Sources */,
				8D86E0322460BCB70017BE46 /* Flickr.swift in Sources */,
				8D86E038246138560017BE46 /* Result.swift in Sources */,
				8D86E03A246143320017BE46 /* FlickrPhotoCell.swift in Sources */,
				8D86E034246138000017BE46 /* FlickrPhoto.swift in Sources */,
				8D86E01E2460A8930017BE46 /* SceneDelegate.swift in Sources */,
			);
			runOnlyForDeploymentPostprocessing = 0;
		};
/* End PBXSourcesBuildPhase section */

/* Begin PBXVariantGroup section */
		8D86E0212460A8930017BE46 /* Main.storyboard */ = {
			isa = PBXVariantGroup;
			children = (
				8D86E0222460A8930017BE46 /* Base */,
			);
			name = Main.storyboard;
			sourceTree = "<group>";
		};
		8D86E0262460A8940017BE46 /* LaunchScreen.storyboard */ = {
			isa = PBXVariantGroup;
			children = (
				8D86E0272460A8940017BE46 /* Base */,
			);
			name = LaunchScreen.storyboard;
			sourceTree = "<group>";
		};
/* End PBXVariantGroup section */

/* Begin XCBuildConfiguration section */
		8D86E02A2460A8940017BE46 /* Debug */ = {
			isa = XCBuildConfiguration;
			buildSettings = {
				ALWAYS_SEARCH_USER_PATHS = NO;
				CLANG_ANALYZER_NONNULL = YES;
				CLANG_ANALYZER_NUMBER_OBJECT_CONVERSION = YES_AGGRESSIVE;
				CLANG_CXX_LANGUAGE_STANDARD = "gnu++14";
				CLANG_CXX_LIBRARY = "libc++";
				CLANG_ENABLE_MODULES = YES;
				CLANG_ENABLE_OBJC_ARC = YES;
				CLANG_ENABLE_OBJC_WEAK = YES;
				CLANG_WARN_BLOCK_CAPTURE_AUTORELEASING = YES;
				CLANG_WARN_BOOL_CONVERSION = YES;
				CLANG_WARN_COMMA = YES;
				CLANG_WARN_CONSTANT_CONVERSION = YES;
				CLANG_WARN_DEPRECATED_OBJC_IMPLEMENTATIONS = YES;
				CLANG_WARN_DIRECT_OBJC_ISA_USAGE = YES_ERROR;
				CLANG_WARN_DOCUMENTATION_COMMENTS = YES;
				CLANG_WARN_EMPTY_BODY = YES;
				CLANG_WARN_ENUM_CONVERSION = YES;
				CLANG_WARN_INFINITE_RECURSION = YES;
				CLANG_WARN_INT_CONVERSION = YES;
				CLANG_WARN_NON_LITERAL_NULL_CONVERSION = YES;
				CLANG_WARN_OBJC_IMPLICIT_RETAIN_SELF = YES;
				CLANG_WARN_OBJC_LITERAL_CONVERSION = YES;
				CLANG_WARN_OBJC_ROOT_CLASS = YES_ERROR;
				CLANG_WARN_RANGE_LOOP_ANALYSIS = YES;
				CLANG_WARN_STRICT_PROTOTYPES = YES;
				CLANG_WARN_SUSPICIOUS_MOVE = YES;
				CLANG_WARN_UNGUARDED_AVAILABILITY = YES_AGGRESSIVE;
				CLANG_WARN_UNREACHABLE_CODE = YES;
				CLANG_WARN__DUPLICATE_METHOD_MATCH = YES;
				COPY_PHASE_STRIP = NO;
				DEBUG_INFORMATION_FORMAT = dwarf;
				ENABLE_STRICT_OBJC_MSGSEND = YES;
				ENABLE_TESTABILITY = YES;
				GCC_C_LANGUAGE_STANDARD = gnu11;
				GCC_DYNAMIC_NO_PIC = NO;
				GCC_NO_COMMON_BLOCKS = YES;
				GCC_OPTIMIZATION_LEVEL = 0;
				GCC_PREPROCESSOR_DEFINITIONS = (
					"DEBUG=1",
					"$(inherited)",
				);
				GCC_WARN_64_TO_32_BIT_CONVERSION = YES;
				GCC_WARN_ABOUT_RETURN_TYPE = YES_ERROR;
				GCC_WARN_UNDECLARED_SELECTOR = YES;
				GCC_WARN_UNINITIALIZED_AUTOS = YES_AGGRESSIVE;
				GCC_WARN_UNUSED_FUNCTION = YES;
				GCC_WARN_UNUSED_VARIABLE = YES;
				IPHONEOS_DEPLOYMENT_TARGET = 13.4;
				MTL_ENABLE_DEBUG_INFO = INCLUDE_SOURCE;
				MTL_FAST_MATH = YES;
				ONLY_ACTIVE_ARCH = YES;
				SDKROOT = iphoneos;
				SWIFT_ACTIVE_COMPILATION_CONDITIONS = DEBUG;
				SWIFT_OPTIMIZATION_LEVEL = "-Onone";
			};
			name = Debug;
		};
		8D86E02B2460A8940017BE46 /* Release */ = {
			isa = XCBuildConfiguration;
			buildSettings = {
				ALWAYS_SEARCH_USER_PATHS = NO;
				CLANG_ANALYZER_NONNULL = YES;
				CLANG_ANALYZER_NUMBER_OBJECT_CONVERSION = YES_AGGRESSIVE;
				CLANG_CXX_LANGUAGE_STANDARD = "gnu++14";
				CLANG_CXX_LIBRARY = "libc++";
				CLANG_ENABLE_MODULES = YES;
				CLANG_ENABLE_OBJC_ARC = YES;
				CLANG_ENABLE_OBJC_WEAK = YES;
				CLANG_WARN_BLOCK_CAPTURE_AUTORELEASING = YES;
				CLANG_WARN_BOOL_CONVERSION = YES;
				CLANG_WARN_COMMA = YES;
				CLANG_WARN_CONSTANT_CONVERSION = YES;
				CLANG_WARN_DEPRECATED_OBJC_IMPLEMENTATIONS = YES;
				CLANG_WARN_DIRECT_OBJC_ISA_USAGE = YES_ERROR;
				CLANG_WARN_DOCUMENTATION_COMMENTS = YES;
				CLANG_WARN_EMPTY_BODY = YES;
				CLANG_WARN_ENUM_CONVERSION = YES;
				CLANG_WARN_INFINITE_RECURSION = YES;
				CLANG_WARN_INT_CONVERSION = YES;
				CLANG_WARN_NON_LITERAL_NULL_CONVERSION = YES;
				CLANG_WARN_OBJC_IMPLICIT_RETAIN_SELF = YES;
				CLANG_WARN_OBJC_LITERAL_CONVERSION = YES;
				CLANG_WARN_OBJC_ROOT_CLASS = YES_ERROR;
				CLANG_WARN_RANGE_LOOP_ANALYSIS = YES;
				CLANG_WARN_STRICT_PROTOTYPES = YES;
				CLANG_WARN_SUSPICIOUS_MOVE = YES;
				CLANG_WARN_UNGUARDED_AVAILABILITY = YES_AGGRESSIVE;
				CLANG_WARN_UNREACHABLE_CODE = YES;
				CLANG_WARN__DUPLICATE_METHOD_MATCH = YES;
				COPY_PHASE_STRIP = NO;
				DEBUG_INFORMATION_FORMAT = "dwarf-with-dsym";
				ENABLE_NS_ASSERTIONS = NO;
				ENABLE_STRICT_OBJC_MSGSEND = YES;
				GCC_C_LANGUAGE_STANDARD = gnu11;
				GCC_NO_COMMON_BLOCKS = YES;
				GCC_WARN_64_TO_32_BIT_CONVERSION = YES;
				GCC_WARN_ABOUT_RETURN_TYPE = YES_ERROR;
				GCC_WARN_UNDECLARED_SELECTOR = YES;
				GCC_WARN_UNINITIALIZED_AUTOS = YES_AGGRESSIVE;
				GCC_WARN_UNUSED_FUNCTION = YES;
				GCC_WARN_UNUSED_VARIABLE = YES;
				IPHONEOS_DEPLOYMENT_TARGET = 13.4;
				MTL_ENABLE_DEBUG_INFO = NO;
				MTL_FAST_MATH = YES;
				SDKROOT = iphoneos;
				SWIFT_COMPILATION_MODE = wholemodule;
				SWIFT_OPTIMIZATION_LEVEL = "-O";
				VALIDATE_PRODUCT = YES;
			};
			name = Release;
		};
		8D86E02D2460A8940017BE46 /* Debug */ = {
			isa = XCBuildConfiguration;
			buildSettings = {
				ASSETCATALOG_COMPILER_APPICON_NAME = AppIcon;
				CODE_SIGN_STYLE = Automatic;
				DEVELOPMENT_TEAM = C4R95F3PX7;
				INFOPLIST_FILE = FlickrSearch/Info.plist;
				LD_RUNPATH_SEARCH_PATHS = (
					"$(inherited)",
					"@executable_path/Frameworks",
				);
				PRODUCT_BUNDLE_IDENTIFIER = com.nesanoff.FlickrSearch;
				PRODUCT_NAME = "$(TARGET_NAME)";
				SWIFT_VERSION = 5.0;
				TARGETED_DEVICE_FAMILY = 1;
			};
			name = Debug;
		};
		8D86E02E2460A8940017BE46 /* Release */ = {
			isa = XCBuildConfiguration;
			buildSettings = {
				ASSETCATALOG_COMPILER_APPICON_NAME = AppIcon;
				CODE_SIGN_STYLE = Automatic;
				DEVELOPMENT_TEAM = C4R95F3PX7;
				INFOPLIST_FILE = FlickrSearch/Info.plist;
				LD_RUNPATH_SEARCH_PATHS = (
					"$(inherited)",
					"@executable_path/Frameworks",
				);
				PRODUCT_BUNDLE_IDENTIFIER = com.nesanoff.FlickrSearch;
				PRODUCT_NAME = "$(TARGET_NAME)";
				SWIFT_VERSION = 5.0;
				TARGETED_DEVICE_FAMILY = 1;
			};
			name = Release;
		};
/* End XCBuildConfiguration section */

/* Begin XCConfigurationList section */
		8D86E0132460A8930017BE46 /* Build configuration list for PBXProject "FlickrSearch" */ = {
			isa = XCConfigurationList;
			buildConfigurations = (
				8D86E02A2460A8940017BE46 /* Debug */,
				8D86E02B2460A8940017BE46 /* Release */,
			);
			defaultConfigurationIsVisible = 0;
			defaultConfigurationName = Release;
		};
		8D86E02C2460A8940017BE46 /* Build configuration list for PBXNativeTarget "FlickrSearch" */ = {
			isa = XCConfigurationList;
			buildConfigurations = (
				8D86E02D2460A8940017BE46 /* Debug */,
				8D86E02E2460A8940017BE46 /* Release */,
			);
			defaultConfigurationIsVisible = 0;
			defaultConfigurationName = Release;
		};
/* End XCConfigurationList section */
	};
	rootObject = 8D86E0102460A8930017BE46 /* Project object */;
}
